PODS:
  - Hero (1.2.0)
  - Nimble (7.1.1)
  - Quick (1.3.0)

DEPENDENCIES:
  - Hero
  - Nimble
  - Quick

SPEC CHECKSUMS:
  Hero: 33dadf2cd1c98af71e213dcbc2902e6e03622a4e
  Nimble: 391f07782af4b37914f9bd7b2ffbb952731b8202
  Quick: 03278013f71aa05fe9ecabc94fbcc6835f1ee76f

PODFILE CHECKSUM: a2156d656ed5df92215f6af40c14543119b1ddc3

COCOAPODS: 1.4.0
